
Microsoft Visual Studio Solution File, Format Version 12.00
# Visual Studio 14
VisualStudioVersion = 14.0.25420.1
MinimumVisualStudioVersion = 10.0.40219.1
Project("{FAE04EC0-301F-11D3-BF4B-00C04F79EFBC}") = "OdeToFood", "OdeToFood\OdeToFood.csproj", "{0272E1CB-193A-4A2E-8AE9-636C09E192BF}"
EndProject
Project("{FAE04EC0-301F-11D3-BF4B-00C04F79EFBC}") = "OdeToFood.Tests", "OdeToFood.Tests\OdeToFood.Tests.csproj", "{8F4ADD50-57AF-4005-8F20-78C9B0FE9872}"
EndProject
Global
	GlobalSection(SolutionConfigurationPlatforms) = preSolution
		Debug|Any CPU = Debug|Any CPU
		Release|Any CPU = Release|Any CPU
	EndGlobalSection
	GlobalSection(ProjectConfigurationPlatforms) = postSolution
		{0272E1CB-193A-4A2E-8AE9-636C09E192BF}.Debug|Any CPU.ActiveCfg = Debug|Any CPU
		{0272E1CB-193A-4A2E-8AE9-636C09E192BF}.Debug|Any CPU.Build.0 = Debug|Any CPU
		{0272E1CB-193A-4A2E-8AE9-636C09E192BF}.Release|Any CPU.ActiveCfg = Release|Any CPU
		{0272E1CB-193A-4A2E-8AE9-636C09E192BF}.Release|Any CPU.Build.0 = Release|Any CPU
		{8F4ADD50-57AF-4005-8F20-78C9B0FE9872}.Debug|Any CPU.ActiveCfg = Debug|Any CPU
		{8F4ADD50-57AF-4005-8F20-78C9B0FE9872}.Debug|Any CPU.Build.0 = Debug|Any CPU
		{8F4ADD50-57AF-4005-8F20-78C9B0FE9872}.Release|Any CPU.ActiveCfg = Release|Any CPU
		{8F4ADD50-57AF-4005-8F20-78C9B0FE9872}.Release|Any CPU.Build.0 = Release|Any CPU
	EndGlobalSection
	GlobalSection(SolutionProperties) = preSolution
		HideSolutionNode = FALSE
	EndGlobalSection
EndGlobal
